// !$*UTF8*$!
{
	archiveVersion = 1;
	classes = {
	};
	objectVersion = 46;
	objects = {

/* Begin PBXBuildFile section */
		83F1A4BD1717EE520012BEB8 /* UIKit.framework in Frameworks */ = {isa = PBXBuildFile; fileRef = 83F1A4BC1717EE520012BEB8 /* UIKit.framework */; };
		83F1A4BF1717EE520012BEB8 /* Foundation.framework in Frameworks */ = {isa = PBXBuildFile; fileRef = 83F1A4BE1717EE520012BEB8 /* Foundation.framework */; };
		83F1A4C11717EE520012BEB8 /* CoreGraphics.framework in Frameworks */ = {isa = PBXBuildFile; fileRef = 83F1A4C01717EE520012BEB8 /* CoreGraphics.framework */; };
		83F1A4C31717EE520012BEB8 /* CoreData.framework in Frameworks */ = {isa = PBXBuildFile; fileRef = 83F1A4C21717EE520012BEB8 /* CoreData.framework */; };
		83F1A4C91717EE520012BEB8 /* InfoPlist.strings in Resources */ = {isa = PBXBuildFile; fileRef = 83F1A4C71717EE520012BEB8 /* InfoPlist.strings */; };
		83F1A4CB1717EE520012BEB8 /* main.m in Sources */ = {isa = PBXBuildFile; fileRef = 83F1A4CA1717EE520012BEB8 /* main.m */; };
		83F1A4CF1717EE520012BEB8 /* WDAppDelegate.m in Sources */ = {isa = PBXBuildFile; fileRef = 83F1A4CE1717EE520012BEB8 /* WDAppDelegate.m */; };
		83F1A4D11717EE520012BEB8 /* Default.png in Resources */ = {isa = PBXBuildFile; fileRef = 83F1A4D01717EE520012BEB8 /* Default.png */; };
		83F1A4D31717EE520012BEB8 /* Default@2x.png in Resources */ = {isa = PBXBuildFile; fileRef = 83F1A4D21717EE520012BEB8 /* Default@2x.png */; };
		83F1A4D51717EE520012BEB8 /* Default-568h@2x.png in Resources */ = {isa = PBXBuildFile; fileRef = 83F1A4D41717EE520012BEB8 /* Default-568h@2x.png */; };
		83F1A51A1717F0360012BEB8 /* womensdays.xcdatamodeld in Sources */ = {isa = PBXBuildFile; fileRef = 83F1A5031717F0360012BEB8 /* womensdays.xcdatamodeld */; };
		83F1A51B1717F0360012BEB8 /* NSNumber+Localizable.m in Sources */ = {isa = PBXBuildFile; fileRef = 83F1A50B1717F0360012BEB8 /* NSNumber+Localizable.m */; };
		83F1A51C1717F0360012BEB8 /* NSTimer+Blocks.m in Sources */ = {isa = PBXBuildFile; fileRef = 83F1A50D1717F0360012BEB8 /* NSTimer+Blocks.m */; };
		83F1A51D1717F0360012BEB8 /* UIButton+Stretchable.m in Sources */ = {isa = PBXBuildFile; fileRef = 83F1A50F1717F0360012BEB8 /* UIButton+Stretchable.m */; };
		83F1A51E1717F0360012BEB8 /* UIImageView+Stretchable.m in Sources */ = {isa = PBXBuildFile; fileRef = 83F1A5111717F0360012BEB8 /* UIImageView+Stretchable.m */; };
		83F1A51F1717F0360012BEB8 /* IZLib.m in Sources */ = {isa = PBXBuildFile; fileRef = 83F1A5131717F0360012BEB8 /* IZLib.m */; };
		83F1A5201717F0360012BEB8 /* IZAlertView.m in Sources */ = {isa = PBXBuildFile; fileRef = 83F1A5161717F0360012BEB8 /* IZAlertView.m */; };
/* End PBXBuildFile section */

/* Begin PBXFileReference section */
		83F1A4B91717EE520012BEB8 /* womensdays.app */ = {isa = PBXFileReference; explicitFileType = wrapper.application; includeInIndex = 0; path = womensdays.app; sourceTree = BUILT_PRODUCTS_DIR; };
		83F1A4BC1717EE520012BEB8 /* UIKit.framework */ = {isa = PBXFileReference; lastKnownFileType = wrapper.framework; name = UIKit.framework; path = System/Library/Frameworks/UIKit.framework; sourceTree = SDKROOT; };
		83F1A4BE1717EE520012BEB8 /* Foundation.framework */ = {isa = PBXFileReference; lastKnownFileType = wrapper.framework; name = Foundation.framework; path = System/Library/Frameworks/Foundation.framework; sourceTree = SDKROOT; };
		83F1A4C01717EE520012BEB8 /* CoreGraphics.framework */ = {isa = PBXFileReference; lastKnownFileType = wrapper.framework; name = CoreGraphics.framework; path = System/Library/Frameworks/CoreGraphics.framework; sourceTree = SDKROOT; };
		83F1A4C21717EE520012BEB8 /* CoreData.framework */ = {isa = PBXFileReference; lastKnownFileType = wrapper.framework; name = CoreData.framework; path = System/Library/Frameworks/CoreData.framework; sourceTree = SDKROOT; };
		83F1A4C61717EE520012BEB8 /* womensdays-Info.plist */ = {isa = PBXFileReference; lastKnownFileType = text.plist.xml; path = "womensdays-Info.plist"; sourceTree = "<group>"; };
		83F1A4C81717EE520012BEB8 /* en */ = {isa = PBXFileReference; lastKnownFileType = text.plist.strings; name = en; path = en.lproj/InfoPlist.strings; sourceTree = "<group>"; };
		83F1A4CA1717EE520012BEB8 /* main.m */ = {isa = PBXFileReference; lastKnownFileType = sourcecode.c.objc; path = main.m; sourceTree = "<group>"; };
		83F1A4CC1717EE520012BEB8 /* womensdays-Prefix.pch */ = {isa = PBXFileReference; lastKnownFileType = sourcecode.c.h; path = "womensdays-Prefix.pch"; sourceTree = "<group>"; };
		83F1A4CD1717EE520012BEB8 /* WDAppDelegate.h */ = {isa = PBXFileReference; lastKnownFileType = sourcecode.c.h; path = WDAppDelegate.h; sourceTree = "<group>"; };
		83F1A4CE1717EE520012BEB8 /* WDAppDelegate.m */ = {isa = PBXFileReference; lastKnownFileType = sourcecode.c.objc; path = WDAppDelegate.m; sourceTree = "<group>"; };
		83F1A4D01717EE520012BEB8 /* Default.png */ = {isa = PBXFileReference; lastKnownFileType = image.png; path = Default.png; sourceTree = "<group>"; };
		83F1A4D21717EE520012BEB8 /* Default@2x.png */ = {isa = PBXFileReference; lastKnownFileType = image.png; path = "Default@2x.png"; sourceTree = "<group>"; };
		83F1A4D41717EE520012BEB8 /* Default-568h@2x.png */ = {isa = PBXFileReference; lastKnownFileType = image.png; path = "Default-568h@2x.png"; sourceTree = "<group>"; };
		83F1A5041717F0360012BEB8 /* womensdays.xcdatamodel */ = {isa = PBXFileReference; lastKnownFileType = wrapper.xcdatamodel; path = womensdays.xcdatamodel; sourceTree = "<group>"; };
		83F1A50A1717F0360012BEB8 /* NSNumber+Localizable.h */ = {isa = PBXFileReference; fileEncoding = 4; lastKnownFileType = sourcecode.c.h; path = "NSNumber+Localizable.h"; sourceTree = "<group>"; };
		83F1A50B1717F0360012BEB8 /* NSNumber+Localizable.m */ = {isa = PBXFileReference; fileEncoding = 4; lastKnownFileType = sourcecode.c.objc; path = "NSNumber+Localizable.m"; sourceTree = "<group>"; };
		83F1A50C1717F0360012BEB8 /* NSTimer+Blocks.h */ = {isa = PBXFileReference; fileEncoding = 4; lastKnownFileType = sourcecode.c.h; path = "NSTimer+Blocks.h"; sourceTree = "<group>"; };
		83F1A50D1717F0360012BEB8 /* NSTimer+Blocks.m */ = {isa = PBXFileReference; fileEncoding = 4; lastKnownFileType = sourcecode.c.objc; path = "NSTimer+Blocks.m"; sourceTree = "<group>"; };
		83F1A50E1717F0360012BEB8 /* UIButton+Stretchable.h */ = {isa = PBXFileReference; fileEncoding = 4; lastKnownFileType = sourcecode.c.h; path = "UIButton+Stretchable.h"; sourceTree = "<group>"; };
		83F1A50F1717F0360012BEB8 /* UIButton+Stretchable.m */ = {isa = PBXFileReference; fileEncoding = 4; lastKnownFileType = sourcecode.c.objc; path = "UIButton+Stretchable.m"; sourceTree = "<group>"; };
		83F1A5101717F0360012BEB8 /* UIImageView+Stretchable.h */ = {isa = PBXFileReference; fileEncoding = 4; lastKnownFileType = sourcecode.c.h; path = "UIImageView+Stretchable.h"; sourceTree = "<group>"; };
		83F1A5111717F0360012BEB8 /* UIImageView+Stretchable.m */ = {isa = PBXFileReference; fileEncoding = 4; lastKnownFileType = sourcecode.c.objc; path = "UIImageView+Stretchable.m"; sourceTree = "<group>"; };
		83F1A5121717F0360012BEB8 /* IZLib.h */ = {isa = PBXFileReference; fileEncoding = 4; lastKnownFileType = sourcecode.c.h; path = IZLib.h; sourceTree = "<group>"; };
		83F1A5131717F0360012BEB8 /* IZLib.m */ = {isa = PBXFileReference; fileEncoding = 4; lastKnownFileType = sourcecode.c.objc; path = IZLib.m; sourceTree = "<group>"; };
		83F1A5151717F0360012BEB8 /* IZAlertView.h */ = {isa = PBXFileReference; fileEncoding = 4; lastKnownFileType = sourcecode.c.h; path = IZAlertView.h; sourceTree = "<group>"; };
		83F1A5161717F0360012BEB8 /* IZAlertView.m */ = {isa = PBXFileReference; fileEncoding = 4; lastKnownFileType = sourcecode.c.objc; path = IZAlertView.m; sourceTree = "<group>"; };
		83F1A5211717F0AE0012BEB8 /* WDConstants.h */ = {isa = PBXFileReference; lastKnownFileType = sourcecode.c.h; path = WDConstants.h; sourceTree = "<group>"; };
/* End PBXFileReference section */

/* Begin PBXFrameworksBuildPhase section */
		83F1A4B61717EE520012BEB8 /* Frameworks */ = {
			isa = PBXFrameworksBuildPhase;
			buildActionMask = 2147483647;
			files = (
				83F1A4BD1717EE520012BEB8 /* UIKit.framework in Frameworks */,
				83F1A4BF1717EE520012BEB8 /* Foundation.framework in Frameworks */,
				83F1A4C11717EE520012BEB8 /* CoreGraphics.framework in Frameworks */,
				83F1A4C31717EE520012BEB8 /* CoreData.framework in Frameworks */,
			);
			runOnlyForDeploymentPostprocessing = 0;
		};
/* End PBXFrameworksBuildPhase section */

/* Begin PBXGroup section */
		83F1A4B01717EE520012BEB8 = {
			isa = PBXGroup;
			children = (
				83F1A4C41717EE520012BEB8 /* womensdays */,
				83F1A5071717F0360012BEB8 /* Libraries */,
				83F1A4BB1717EE520012BEB8 /* Frameworks */,
				83F1A4BA1717EE520012BEB8 /* Products */,
			);
			sourceTree = "<group>";
		};
		83F1A4BA1717EE520012BEB8 /* Products */ = {
			isa = PBXGroup;
			children = (
				83F1A4B91717EE520012BEB8 /* womensdays.app */,
			);
			name = Products;
			sourceTree = "<group>";
		};
		83F1A4BB1717EE520012BEB8 /* Frameworks */ = {
			isa = PBXGroup;
			children = (
				83F1A4BC1717EE520012BEB8 /* UIKit.framework */,
				83F1A4BE1717EE520012BEB8 /* Foundation.framework */,
				83F1A4C01717EE520012BEB8 /* CoreGraphics.framework */,
				83F1A4C21717EE520012BEB8 /* CoreData.framework */,
			);
			name = Frameworks;
			sourceTree = "<group>";
		};
		83F1A4C41717EE520012BEB8 /* womensdays */ = {
			isa = PBXGroup;
			children = (
				83F1A4FE1717F0360012BEB8 /* MVC */,
				83F1A4CD1717EE520012BEB8 /* WDAppDelegate.h */,
				83F1A4CE1717EE520012BEB8 /* WDAppDelegate.m */,
				83F1A5211717F0AE0012BEB8 /* WDConstants.h */,
				83F1A4C51717EE520012BEB8 /* Supporting Files */,
				83F1A5171717F0360012BEB8 /* Resources */,
			);
			path = womensdays;
			sourceTree = "<group>";
		};
		83F1A4C51717EE520012BEB8 /* Supporting Files */ = {
			isa = PBXGroup;
			children = (
				83F1A4C61717EE520012BEB8 /* womensdays-Info.plist */,
				83F1A4C71717EE520012BEB8 /* InfoPlist.strings */,
				83F1A4CA1717EE520012BEB8 /* main.m */,
				83F1A4CC1717EE520012BEB8 /* womensdays-Prefix.pch */,
				83F1A4D01717EE520012BEB8 /* Default.png */,
				83F1A4D21717EE520012BEB8 /* Default@2x.png */,
				83F1A4D41717EE520012BEB8 /* Default-568h@2x.png */,
			);
			name = "Supporting Files";
			sourceTree = "<group>";
		};
		83F1A4FE1717F0360012BEB8 /* MVC */ = {
			isa = PBXGroup;
			children = (
				83F1A4FF1717F0360012BEB8 /* Controller */,
				83F1A5011717F0360012BEB8 /* Model */,
				83F1A5051717F0360012BEB8 /* View */,
			);
			path = MVC;
			sourceTree = "<group>";
		};
		83F1A4FF1717F0360012BEB8 /* Controller */ = {
			isa = PBXGroup;
			children = (
				83F1A5001717F0360012BEB8 /* Base */,
			);
			path = Controller;
			sourceTree = "<group>";
		};
		83F1A5001717F0360012BEB8 /* Base */ = {
			isa = PBXGroup;
			children = (
			);
			path = Base;
			sourceTree = "<group>";
		};
		83F1A5011717F0360012BEB8 /* Model */ = {
			isa = PBXGroup;
			children = (
				83F1A5021717F0360012BEB8 /* Data model */,
			);
			path = Model;
			sourceTree = "<group>";
		};
		83F1A5021717F0360012BEB8 /* Data model */ = {
			isa = PBXGroup;
			children = (
				83F1A5031717F0360012BEB8 /* womensdays.xcdatamodeld */,
			);
			path = "Data model";
			sourceTree = "<group>";
		};
		83F1A5051717F0360012BEB8 /* View */ = {
			isa = PBXGroup;
			children = (
				83F1A5061717F0360012BEB8 /* Base */,
			);
			path = View;
			sourceTree = "<group>";
		};
		83F1A5061717F0360012BEB8 /* Base */ = {
			isa = PBXGroup;
			children = (
			);
			path = Base;
			sourceTree = "<group>";
		};
		83F1A5071717F0360012BEB8 /* Libraries */ = {
			isa = PBXGroup;
			children = (
				83F1A5081717F0360012BEB8 /* irinaz_lib */,
			);
			name = Libraries;
			path = womensdays/Libraries;
			sourceTree = "<group>";
		};
		83F1A5081717F0360012BEB8 /* irinaz_lib */ = {
			isa = PBXGroup;
			children = (
				83F1A5091717F0360012BEB8 /* Categories */,
				83F1A5121717F0360012BEB8 /* IZLib.h */,
				83F1A5131717F0360012BEB8 /* IZLib.m */,
				83F1A5141717F0360012BEB8 /* View */,
			);
			path = irinaz_lib;
			sourceTree = "<group>";
		};
		83F1A5091717F0360012BEB8 /* Categories */ = {
			isa = PBXGroup;
			children = (
				83F1A50A1717F0360012BEB8 /* NSNumber+Localizable.h */,
				83F1A50B1717F0360012BEB8 /* NSNumber+Localizable.m */,
				83F1A50C1717F0360012BEB8 /* NSTimer+Blocks.h */,
				83F1A50D1717F0360012BEB8 /* NSTimer+Blocks.m */,
				83F1A50E1717F0360012BEB8 /* UIButton+Stretchable.h */,
				83F1A50F1717F0360012BEB8 /* UIButton+Stretchable.m */,
				83F1A5101717F0360012BEB8 /* UIImageView+Stretchable.h */,
				83F1A5111717F0360012BEB8 /* UIImageView+Stretchable.m */,
			);
			path = Categories;
			sourceTree = "<group>";
		};
		83F1A5141717F0360012BEB8 /* View */ = {
			isa = PBXGroup;
			children = (
				83F1A5151717F0360012BEB8 /* IZAlertView.h */,
				83F1A5161717F0360012BEB8 /* IZAlertView.m */,
			);
			path = View;
			sourceTree = "<group>";
		};
		83F1A5171717F0360012BEB8 /* Resources */ = {
			isa = PBXGroup;
			children = (
				83F1A5181717F0360012BEB8 /* Fonts */,
				83F1A5191717F0360012BEB8 /* Images */,
			);
			path = Resources;
			sourceTree = "<group>";
		};
		83F1A5181717F0360012BEB8 /* Fonts */ = {
			isa = PBXGroup;
			children = (
			);
			path = Fonts;
			sourceTree = "<group>";
		};
		83F1A5191717F0360012BEB8 /* Images */ = {
			isa = PBXGroup;
			children = (
			);
			path = Images;
			sourceTree = "<group>";
		};
/* End PBXGroup section */

/* Begin PBXNativeTarget section */
		83F1A4B81717EE520012BEB8 /* womensdays */ = {
			isa = PBXNativeTarget;
			buildConfigurationList = 83F1A4DB1717EE520012BEB8 /* Build configuration list for PBXNativeTarget "womensdays" */;
			buildPhases = (
				83F1A4B51717EE520012BEB8 /* Sources */,
				83F1A4B61717EE520012BEB8 /* Frameworks */,
				83F1A4B71717EE520012BEB8 /* Resources */,
			);
			buildRules = (
			);
			dependencies = (
			);
			name = womensdays;
			productName = womensdays;
			productReference = 83F1A4B91717EE520012BEB8 /* womensdays.app */;
			productType = "com.apple.product-type.application";
		};
/* End PBXNativeTarget section */

/* Begin PBXProject section */
		83F1A4B11717EE520012BEB8 /* Project object */ = {
			isa = PBXProject;
			attributes = {
				CLASSPREFIX = WD;
				LastUpgradeCheck = 0460;
				ORGANIZATIONNAME = zavilkina;
			};
			buildConfigurationList = 83F1A4B41717EE520012BEB8 /* Build configuration list for PBXProject "womensdays" */;
			compatibilityVersion = "Xcode 3.2";
			developmentRegion = English;
			hasScannedForEncodings = 0;
			knownRegions = (
				en,
			);
			mainGroup = 83F1A4B01717EE520012BEB8;
			productRefGroup = 83F1A4BA1717EE520012BEB8 /* Products */;
			projectDirPath = "";
			projectRoot = "";
			targets = (
				83F1A4B81717EE520012BEB8 /* womensdays */,
			);
		};
/* End PBXProject section */

/* Begin PBXResourcesBuildPhase section */
		83F1A4B71717EE520012BEB8 /* Resources */ = {
			isa = PBXResourcesBuildPhase;
			buildActionMask = 2147483647;
			files = (
				83F1A4C91717EE520012BEB8 /* InfoPlist.strings in Resources */,
				83F1A4D11717EE520012BEB8 /* Default.png in Resources */,
				83F1A4D31717EE520012BEB8 /* Default@2x.png in Resources */,
				83F1A4D51717EE520012BEB8 /* Default-568h@2x.png in Resources */,
			);
			runOnlyForDeploymentPostprocessing = 0;
		};
/* End PBXResourcesBuildPhase section */

/* Begin PBXSourcesBuildPhase section */
		83F1A4B51717EE520012BEB8 /* Sources */ = {
			isa = PBXSourcesBuildPhase;
			buildActionMask = 2147483647;
			files = (
				83F1A4CB1717EE520012BEB8 /* main.m in Sources */,
				83F1A4CF1717EE520012BEB8 /* WDAppDelegate.m in Sources */,
				83F1A51A1717F0360012BEB8 /* womensdays.xcdatamodeld in Sources */,
				83F1A51B1717F0360012BEB8 /* NSNumber+Localizable.m in Sources */,
				83F1A51C1717F0360012BEB8 /* NSTimer+Blocks.m in Sources */,
				83F1A51D1717F0360012BEB8 /* UIButton+Stretchable.m in Sources */,
				83F1A51E1717F0360012BEB8 /* UIImageView+Stretchable.m in Sources */,
				83F1A51F1717F0360012BEB8 /* IZLib.m in Sources */,
				83F1A5201717F0360012BEB8 /* IZAlertView.m in Sources */,
			);
			runOnlyForDeploymentPostprocessing = 0;
		};
/* End PBXSourcesBuildPhase section */

/* Begin PBXVariantGroup section */
		83F1A4C71717EE520012BEB8 /* InfoPlist.strings */ = {
			isa = PBXVariantGroup;
			children = (
				83F1A4C81717EE520012BEB8 /* en */,
			);
			name = InfoPlist.strings;
			sourceTree = "<group>";
		};
/* End PBXVariantGroup section */

/* Begin XCBuildConfiguration section */
		83F1A4D91717EE520012BEB8 /* Debug */ = {
			isa = XCBuildConfiguration;
			buildSettings = {
				ALWAYS_SEARCH_USER_PATHS = NO;
				CLANG_CXX_LANGUAGE_STANDARD = "gnu++0x";
				CLANG_CXX_LIBRARY = "libc++";
				CLANG_ENABLE_OBJC_ARC = YES;
				CLANG_WARN_CONSTANT_CONVERSION = YES;
				CLANG_WARN_EMPTY_BODY = YES;
				CLANG_WARN_ENUM_CONVERSION = YES;
				CLANG_WARN_INT_CONVERSION = YES;
				CLANG_WARN__DUPLICATE_METHOD_MATCH = YES;
				"CODE_SIGN_IDENTITY[sdk=iphoneos*]" = "iPhone Developer";
				COPY_PHASE_STRIP = NO;
				GCC_C_LANGUAGE_STANDARD = gnu99;
				GCC_DYNAMIC_NO_PIC = NO;
				GCC_OPTIMIZATION_LEVEL = 0;
				GCC_PREPROCESSOR_DEFINITIONS = (
					"DEBUG=1",
					"$(inherited)",
				);
				GCC_SYMBOLS_PRIVATE_EXTERN = NO;
				GCC_WARN_ABOUT_RETURN_TYPE = YES;
				GCC_WARN_UNINITIALIZED_AUTOS = YES;
				GCC_WARN_UNUSED_VARIABLE = YES;
				IPHONEOS_DEPLOYMENT_TARGET = 6.1;
				ONLY_ACTIVE_ARCH = YES;
				SDKROOT = iphoneos;
			};
			name = Debug;
		};
		83F1A4DA1717EE520012BEB8 /* Release */ = {
			isa = XCBuildConfiguration;
			buildSettings = {
				ALWAYS_SEARCH_USER_PATHS = NO;
				CLANG_CXX_LANGUAGE_STANDARD = "gnu++0x";
				CLANG_CXX_LIBRARY = "libc++";
				CLANG_ENABLE_OBJC_ARC = YES;
				CLANG_WARN_CONSTANT_CONVERSION = YES;
				CLANG_WARN_EMPTY_BODY = YES;
				CLANG_WARN_ENUM_CONVERSION = YES;
				CLANG_WARN_INT_CONVERSION = YES;
				CLANG_WARN__DUPLICATE_METHOD_MATCH = YES;
				"CODE_SIGN_IDENTITY[sdk=iphoneos*]" = "iPhone Developer";
				COPY_PHASE_STRIP = YES;
				GCC_C_LANGUAGE_STANDARD = gnu99;
				GCC_WARN_ABOUT_RETURN_TYPE = YES;
				GCC_WARN_UNINITIALIZED_AUTOS = YES;
				GCC_WARN_UNUSED_VARIABLE = YES;
				IPHONEOS_DEPLOYMENT_TARGET = 6.1;
				OTHER_CFLAGS = "-DNS_BLOCK_ASSERTIONS=1";
				SDKROOT = iphoneos;
				VALIDATE_PRODUCT = YES;
			};
			name = Release;
		};
		83F1A4DC1717EE520012BEB8 /* Debug */ = {
			isa = XCBuildConfiguration;
			buildSettings = {
				GCC_PRECOMPILE_PREFIX_HEADER = YES;
				GCC_PREFIX_HEADER = "womensdays/womensdays-Prefix.pch";
				INFOPLIST_FILE = "womensdays/womensdays-Info.plist";
				PRODUCT_NAME = "$(TARGET_NAME)";
				WRAPPER_EXTENSION = app;
			};
			name = Debug;
		};
		83F1A4DD1717EE520012BEB8 /* Release */ = {
			isa = XCBuildConfiguration;
			buildSettings = {
				GCC_PRECOMPILE_PREFIX_HEADER = YES;
				GCC_PREFIX_HEADER = "womensdays/womensdays-Prefix.pch";
				INFOPLIST_FILE = "womensdays/womensdays-Info.plist";
				PRODUCT_NAME = "$(TARGET_NAME)";
				WRAPPER_EXTENSION = app;
			};
			name = Release;
		};
/* End XCBuildConfiguration section */

/* Begin XCConfigurationList section */
		83F1A4B41717EE520012BEB8 /* Build configuration list for PBXProject "womensdays" */ = {
			isa = XCConfigurationList;
			buildConfigurations = (
				83F1A4D91717EE520012BEB8 /* Debug */,
				83F1A4DA1717EE520012BEB8 /* Release */,
			);
			defaultConfigurationIsVisible = 0;
			defaultConfigurationName = Release;
		};
		83F1A4DB1717EE520012BEB8 /* Build configuration list for PBXNativeTarget "womensdays" */ = {
			isa = XCConfigurationList;
			buildConfigurations = (
				83F1A4DC1717EE520012BEB8 /* Debug */,
				83F1A4DD1717EE520012BEB8 /* Release */,
			);
			defaultConfigurationIsVisible = 0;
			defaultConfigurationName = Release;
		};
/* End XCConfigurationList section */

/* Begin XCVersionGroup section */
		83F1A5031717F0360012BEB8 /* womensdays.xcdatamodeld */ = {
			isa = XCVersionGroup;
			children = (
				83F1A5041717F0360012BEB8 /* womensdays.xcdatamodel */,
			);
			currentVersion = 83F1A5041717F0360012BEB8 /* womensdays.xcdatamodel */;
			path = womensdays.xcdatamodeld;
			sourceTree = "<group>";
			versionGroupType = wrapper.xcdatamodel;
		};
/* End XCVersionGroup section */
	};
	rootObject = 83F1A4B11717EE520012BEB8 /* Project object */;
}
