// !$*UTF8*$!
{
	archiveVersion = 1;
	classes = {
	};
	objectVersion = 46;
	objects = {

/* Begin PBXBuildFile section */
		2F9AB849171AB63D0076F950 /* WDDaysViewController.m in Sources */ = {isa = PBXBuildFile; fileRef = 2F9AB847171AB63D0076F950 /* WDDaysViewController.m */; };
		2F9AB84A171AB63D0076F950 /* WDDaysViewController.xib in Resources */ = {isa = PBXBuildFile; fileRef = 2F9AB848171AB63D0076F950 /* WDDaysViewController.xib */; };
		2F9AB84E171AB65B0076F950 /* WDEditDayViewController.m in Sources */ = {isa = PBXBuildFile; fileRef = 2F9AB84C171AB65B0076F950 /* WDEditDayViewController.m */; };
		2F9AB84F171AB65B0076F950 /* WDEditDayViewController.xib in Resources */ = {isa = PBXBuildFile; fileRef = 2F9AB84D171AB65B0076F950 /* WDEditDayViewController.xib */; };
		2F9AB855171C62870076F950 /* WDSexViewController.m in Sources */ = {isa = PBXBuildFile; fileRef = 2F9AB853171C62870076F950 /* WDSexViewController.m */; };
		2F9AB856171C62870076F950 /* WDSexViewController.xib in Resources */ = {isa = PBXBuildFile; fileRef = 2F9AB854171C62870076F950 /* WDSexViewController.xib */; };
		2F9AB858171C653B0076F950 /* tabicon_heart.png in Resources */ = {isa = PBXBuildFile; fileRef = 2F9AB857171C653B0076F950 /* tabicon_heart.png */; };
		2F9AB85E171C75D10076F950 /* WDSex.m in Sources */ = {isa = PBXBuildFile; fileRef = 2F9AB85D171C75D10076F950 /* WDSex.m */; };
		2F9AB861171C75D10076F950 /* WDDay.m in Sources */ = {isa = PBXBuildFile; fileRef = 2F9AB860171C75D10076F950 /* WDDay.m */; };
		2F9AB88E171C763A0076F950 /* NSAttributeDescription+MagicalDataImport.m in Sources */ = {isa = PBXBuildFile; fileRef = 2F9AB871171C763A0076F950 /* NSAttributeDescription+MagicalDataImport.m */; };
		2F9AB88F171C763A0076F950 /* NSEntityDescription+MagicalDataImport.m in Sources */ = {isa = PBXBuildFile; fileRef = 2F9AB873171C763A0076F950 /* NSEntityDescription+MagicalDataImport.m */; };
		2F9AB890171C763A0076F950 /* NSNumber+MagicalDataImport.m in Sources */ = {isa = PBXBuildFile; fileRef = 2F9AB875171C763A0076F950 /* NSNumber+MagicalDataImport.m */; };
		2F9AB891171C763A0076F950 /* NSObject+MagicalDataImport.m in Sources */ = {isa = PBXBuildFile; fileRef = 2F9AB877171C763A0076F950 /* NSObject+MagicalDataImport.m */; };
		2F9AB892171C763A0076F950 /* NSRelationshipDescription+MagicalDataImport.m in Sources */ = {isa = PBXBuildFile; fileRef = 2F9AB879171C763A0076F950 /* NSRelationshipDescription+MagicalDataImport.m */; };
		2F9AB893171C763A0076F950 /* NSString+MagicalDataImport.m in Sources */ = {isa = PBXBuildFile; fileRef = 2F9AB87B171C763A0076F950 /* NSString+MagicalDataImport.m */; };
		2F9AB894171C763A0076F950 /* NSManagedObject+MagicalDataImport.m in Sources */ = {isa = PBXBuildFile; fileRef = 2F9AB87D171C763A0076F950 /* NSManagedObject+MagicalDataImport.m */; };
		2F9AB895171C763A0076F950 /* NSManagedObject+MagicalRecord.m in Sources */ = {isa = PBXBuildFile; fileRef = 2F9AB87F171C763A0076F950 /* NSManagedObject+MagicalRecord.m */; };
		2F9AB896171C763A0076F950 /* NSManagedObjectContext+MagicalRecord.m in Sources */ = {isa = PBXBuildFile; fileRef = 2F9AB881171C763A0076F950 /* NSManagedObjectContext+MagicalRecord.m */; };
		2F9AB897171C763A0076F950 /* NSManagedObjectModel+MagicalRecord.m in Sources */ = {isa = PBXBuildFile; fileRef = 2F9AB883171C763A0076F950 /* NSManagedObjectModel+MagicalRecord.m */; };
		2F9AB898171C763A0076F950 /* NSPersistentStore+MagicalRecord.m in Sources */ = {isa = PBXBuildFile; fileRef = 2F9AB885171C763A0076F950 /* NSPersistentStore+MagicalRecord.m */; };
		2F9AB899171C763A0076F950 /* NSPersistentStoreCoordinator+MagicalRecord.m in Sources */ = {isa = PBXBuildFile; fileRef = 2F9AB887171C763A0076F950 /* NSPersistentStoreCoordinator+MagicalRecord.m */; };
		2F9AB89A171C763A0076F950 /* MagicalRecordHelpers.m in Sources */ = {isa = PBXBuildFile; fileRef = 2F9AB88A171C763A0076F950 /* MagicalRecordHelpers.m */; };
		2F9AB89B171C763A0076F950 /* MRCoreDataAction.m in Sources */ = {isa = PBXBuildFile; fileRef = 2F9AB88D171C763A0076F950 /* MRCoreDataAction.m */; };
		83F1A4BD1717EE520012BEB8 /* UIKit.framework in Frameworks */ = {isa = PBXBuildFile; fileRef = 83F1A4BC1717EE520012BEB8 /* UIKit.framework */; };
		83F1A4BF1717EE520012BEB8 /* Foundation.framework in Frameworks */ = {isa = PBXBuildFile; fileRef = 83F1A4BE1717EE520012BEB8 /* Foundation.framework */; };
		83F1A4C11717EE520012BEB8 /* CoreGraphics.framework in Frameworks */ = {isa = PBXBuildFile; fileRef = 83F1A4C01717EE520012BEB8 /* CoreGraphics.framework */; };
		83F1A4C31717EE520012BEB8 /* CoreData.framework in Frameworks */ = {isa = PBXBuildFile; fileRef = 83F1A4C21717EE520012BEB8 /* CoreData.framework */; };
		83F1A4C91717EE520012BEB8 /* InfoPlist.strings in Resources */ = {isa = PBXBuildFile; fileRef = 83F1A4C71717EE520012BEB8 /* InfoPlist.strings */; };
		83F1A4CB1717EE520012BEB8 /* main.m in Sources */ = {isa = PBXBuildFile; fileRef = 83F1A4CA1717EE520012BEB8 /* main.m */; };
		83F1A4CF1717EE520012BEB8 /* WDAppDelegate.m in Sources */ = {isa = PBXBuildFile; fileRef = 83F1A4CE1717EE520012BEB8 /* WDAppDelegate.m */; };
		83F1A4D11717EE520012BEB8 /* Default.png in Resources */ = {isa = PBXBuildFile; fileRef = 83F1A4D01717EE520012BEB8 /* Default.png */; };
		83F1A4D31717EE520012BEB8 /* Default@2x.png in Resources */ = {isa = PBXBuildFile; fileRef = 83F1A4D21717EE520012BEB8 /* Default@2x.png */; };
		83F1A4D51717EE520012BEB8 /* Default-568h@2x.png in Resources */ = {isa = PBXBuildFile; fileRef = 83F1A4D41717EE520012BEB8 /* Default-568h@2x.png */; };
		83F1A51A1717F0360012BEB8 /* womensdays.xcdatamodeld in Sources */ = {isa = PBXBuildFile; fileRef = 83F1A5031717F0360012BEB8 /* womensdays.xcdatamodeld */; };
		83F1A51B1717F0360012BEB8 /* NSNumber+Localizable.m in Sources */ = {isa = PBXBuildFile; fileRef = 83F1A50B1717F0360012BEB8 /* NSNumber+Localizable.m */; };
		83F1A51C1717F0360012BEB8 /* NSTimer+Blocks.m in Sources */ = {isa = PBXBuildFile; fileRef = 83F1A50D1717F0360012BEB8 /* NSTimer+Blocks.m */; };
		83F1A51D1717F0360012BEB8 /* UIButton+Stretchable.m in Sources */ = {isa = PBXBuildFile; fileRef = 83F1A50F1717F0360012BEB8 /* UIButton+Stretchable.m */; };
		83F1A51E1717F0360012BEB8 /* UIImageView+Stretchable.m in Sources */ = {isa = PBXBuildFile; fileRef = 83F1A5111717F0360012BEB8 /* UIImageView+Stretchable.m */; };
		83F1A51F1717F0360012BEB8 /* IZLib.m in Sources */ = {isa = PBXBuildFile; fileRef = 83F1A5131717F0360012BEB8 /* IZLib.m */; };
		83F1A5201717F0360012BEB8 /* IZAlertView.m in Sources */ = {isa = PBXBuildFile; fileRef = 83F1A5161717F0360012BEB8 /* IZAlertView.m */; };
		83F1A52C1717F3950012BEB8 /* WDMainViewController.m in Sources */ = {isa = PBXBuildFile; fileRef = 83F1A52A1717F3950012BEB8 /* WDMainViewController.m */; };
		83F1A52D1717F3950012BEB8 /* WDMainViewController.xib in Resources */ = {isa = PBXBuildFile; fileRef = 83F1A52B1717F3950012BEB8 /* WDMainViewController.xib */; };
		83F1A5321717F48E0012BEB8 /* WDСhartViewController.m in Sources */ = {isa = PBXBuildFile; fileRef = 83F1A5301717F48E0012BEB8 /* WDСhartViewController.m */; };
		83F1A5331717F48E0012BEB8 /* WDChartViewController.xib in Resources */ = {isa = PBXBuildFile; fileRef = 83F1A5311717F48E0012BEB8 /* WDChartViewController.xib */; };
		83F1A5361717F4AC0012BEB8 /* WDViewController.m in Sources */ = {isa = PBXBuildFile; fileRef = 83F1A5351717F4AC0012BEB8 /* WDViewController.m */; };
		83F1A5411717F7C40012BEB8 /* tabicon_calendar.png in Resources */ = {isa = PBXBuildFile; fileRef = 83F1A53E1717F7C40012BEB8 /* tabicon_calendar.png */; };
		83F1A5421717F7C40012BEB8 /* tabicon_graph.png in Resources */ = {isa = PBXBuildFile; fileRef = 83F1A53F1717F7C40012BEB8 /* tabicon_graph.png */; };
		83F1A5431717F7C40012BEB8 /* tabicon_list.png in Resources */ = {isa = PBXBuildFile; fileRef = 83F1A5401717F7C40012BEB8 /* tabicon_list.png */; };
		83F1A5471717F9CC0012BEB8 /* Localizable.strings in Resources */ = {isa = PBXBuildFile; fileRef = 83F1A5461717F9CC0012BEB8 /* Localizable.strings */; };
		83F1A54A1717FEDB0012BEB8 /* WDTableView.m in Sources */ = {isa = PBXBuildFile; fileRef = 83F1A5491717FEDB0012BEB8 /* WDTableView.m */; };
		83F1A555171801FB0012BEB8 /* WDDayCell.m in Sources */ = {isa = PBXBuildFile; fileRef = 83F1A554171801FB0012BEB8 /* WDDayCell.m */; };
		83F1A557171802090012BEB8 /* WDDayCell.xib in Resources */ = {isa = PBXBuildFile; fileRef = 83F1A556171802090012BEB8 /* WDDayCell.xib */; };
		83F1A55A171802550012BEB8 /* WDLabel.m in Sources */ = {isa = PBXBuildFile; fileRef = 83F1A559171802550012BEB8 /* WDLabel.m */; };
		83F1A560171814A40012BEB8 /* Icon.png in Resources */ = {isa = PBXBuildFile; fileRef = 83F1A55F171814A40012BEB8 /* Icon.png */; };
		83F1A562171814A80012BEB8 /* Icon@2x.png in Resources */ = {isa = PBXBuildFile; fileRef = 83F1A561171814A80012BEB8 /* Icon@2x.png */; };
/* End PBXBuildFile section */

/* Begin PBXFileReference section */
		2F9AB846171AB63D0076F950 /* WDDaysViewController.h */ = {isa = PBXFileReference; fileEncoding = 4; lastKnownFileType = sourcecode.c.h; path = WDDaysViewController.h; sourceTree = "<group>"; };
		2F9AB847171AB63D0076F950 /* WDDaysViewController.m */ = {isa = PBXFileReference; fileEncoding = 4; lastKnownFileType = sourcecode.c.objc; path = WDDaysViewController.m; sourceTree = "<group>"; };
		2F9AB848171AB63D0076F950 /* WDDaysViewController.xib */ = {isa = PBXFileReference; fileEncoding = 4; lastKnownFileType = file.xib; path = WDDaysViewController.xib; sourceTree = "<group>"; };
		2F9AB84B171AB65B0076F950 /* WDEditDayViewController.h */ = {isa = PBXFileReference; fileEncoding = 4; lastKnownFileType = sourcecode.c.h; path = WDEditDayViewController.h; sourceTree = "<group>"; };
		2F9AB84C171AB65B0076F950 /* WDEditDayViewController.m */ = {isa = PBXFileReference; fileEncoding = 4; lastKnownFileType = sourcecode.c.objc; path = WDEditDayViewController.m; sourceTree = "<group>"; };
		2F9AB84D171AB65B0076F950 /* WDEditDayViewController.xib */ = {isa = PBXFileReference; fileEncoding = 4; lastKnownFileType = file.xib; path = WDEditDayViewController.xib; sourceTree = "<group>"; };
		2F9AB850171ACA500076F950 /* ru */ = {isa = PBXFileReference; lastKnownFileType = text.plist.strings; name = ru; path = ru.lproj/InfoPlist.strings; sourceTree = "<group>"; };
		2F9AB852171C62870076F950 /* WDSexViewController.h */ = {isa = PBXFileReference; fileEncoding = 4; lastKnownFileType = sourcecode.c.h; name = WDSexViewController.h; path = Sex/WDSexViewController.h; sourceTree = "<group>"; };
		2F9AB853171C62870076F950 /* WDSexViewController.m */ = {isa = PBXFileReference; fileEncoding = 4; lastKnownFileType = sourcecode.c.objc; name = WDSexViewController.m; path = Sex/WDSexViewController.m; sourceTree = "<group>"; };
		2F9AB854171C62870076F950 /* WDSexViewController.xib */ = {isa = PBXFileReference; fileEncoding = 4; lastKnownFileType = file.xib; name = WDSexViewController.xib; path = Sex/WDSexViewController.xib; sourceTree = "<group>"; };
		2F9AB857171C653B0076F950 /* tabicon_heart.png */ = {isa = PBXFileReference; lastKnownFileType = image.png; path = tabicon_heart.png; sourceTree = "<group>"; };
		2F9AB85C171C75D10076F950 /* WDSex.h */ = {isa = PBXFileReference; fileEncoding = 4; lastKnownFileType = sourcecode.c.h; path = WDSex.h; sourceTree = "<group>"; };
		2F9AB85D171C75D10076F950 /* WDSex.m */ = {isa = PBXFileReference; fileEncoding = 4; lastKnownFileType = sourcecode.c.objc; path = WDSex.m; sourceTree = "<group>"; };
		2F9AB85F171C75D10076F950 /* WDDay.h */ = {isa = PBXFileReference; fileEncoding = 4; lastKnownFileType = sourcecode.c.h; path = WDDay.h; sourceTree = "<group>"; };
		2F9AB860171C75D10076F950 /* WDDay.m */ = {isa = PBXFileReference; fileEncoding = 4; lastKnownFileType = sourcecode.c.objc; path = WDDay.m; sourceTree = "<group>"; };
		2F9AB870171C763A0076F950 /* NSAttributeDescription+MagicalDataImport.h */ = {isa = PBXFileReference; fileEncoding = 4; lastKnownFileType = sourcecode.c.h; path = "NSAttributeDescription+MagicalDataImport.h"; sourceTree = "<group>"; };
		2F9AB871171C763A0076F950 /* NSAttributeDescription+MagicalDataImport.m */ = {isa = PBXFileReference; fileEncoding = 4; lastKnownFileType = sourcecode.c.objc; path = "NSAttributeDescription+MagicalDataImport.m"; sourceTree = "<group>"; };
		2F9AB872171C763A0076F950 /* NSEntityDescription+MagicalDataImport.h */ = {isa = PBXFileReference; fileEncoding = 4; lastKnownFileType = sourcecode.c.h; path = "NSEntityDescription+MagicalDataImport.h"; sourceTree = "<group>"; };
		2F9AB873171C763A0076F950 /* NSEntityDescription+MagicalDataImport.m */ = {isa = PBXFileReference; fileEncoding = 4; lastKnownFileType = sourcecode.c.objc; path = "NSEntityDescription+MagicalDataImport.m"; sourceTree = "<group>"; };
		2F9AB874171C763A0076F950 /* NSNumber+MagicalDataImport.h */ = {isa = PBXFileReference; fileEncoding = 4; lastKnownFileType = sourcecode.c.h; path = "NSNumber+MagicalDataImport.h"; sourceTree = "<group>"; };
		2F9AB875171C763A0076F950 /* NSNumber+MagicalDataImport.m */ = {isa = PBXFileReference; fileEncoding = 4; lastKnownFileType = sourcecode.c.objc; path = "NSNumber+MagicalDataImport.m"; sourceTree = "<group>"; };
		2F9AB876171C763A0076F950 /* NSObject+MagicalDataImport.h */ = {isa = PBXFileReference; fileEncoding = 4; lastKnownFileType = sourcecode.c.h; path = "NSObject+MagicalDataImport.h"; sourceTree = "<group>"; };
		2F9AB877171C763A0076F950 /* NSObject+MagicalDataImport.m */ = {isa = PBXFileReference; fileEncoding = 4; lastKnownFileType = sourcecode.c.objc; path = "NSObject+MagicalDataImport.m"; sourceTree = "<group>"; };
		2F9AB878171C763A0076F950 /* NSRelationshipDescription+MagicalDataImport.h */ = {isa = PBXFileReference; fileEncoding = 4; lastKnownFileType = sourcecode.c.h; path = "NSRelationshipDescription+MagicalDataImport.h"; sourceTree = "<group>"; };
		2F9AB879171C763A0076F950 /* NSRelationshipDescription+MagicalDataImport.m */ = {isa = PBXFileReference; fileEncoding = 4; lastKnownFileType = sourcecode.c.objc; path = "NSRelationshipDescription+MagicalDataImport.m"; sourceTree = "<group>"; };
		2F9AB87A171C763A0076F950 /* NSString+MagicalDataImport.h */ = {isa = PBXFileReference; fileEncoding = 4; lastKnownFileType = sourcecode.c.h; path = "NSString+MagicalDataImport.h"; sourceTree = "<group>"; };
		2F9AB87B171C763A0076F950 /* NSString+MagicalDataImport.m */ = {isa = PBXFileReference; fileEncoding = 4; lastKnownFileType = sourcecode.c.objc; path = "NSString+MagicalDataImport.m"; sourceTree = "<group>"; };
		2F9AB87C171C763A0076F950 /* NSManagedObject+MagicalDataImport.h */ = {isa = PBXFileReference; fileEncoding = 4; lastKnownFileType = sourcecode.c.h; path = "NSManagedObject+MagicalDataImport.h"; sourceTree = "<group>"; };
		2F9AB87D171C763A0076F950 /* NSManagedObject+MagicalDataImport.m */ = {isa = PBXFileReference; fileEncoding = 4; lastKnownFileType = sourcecode.c.objc; path = "NSManagedObject+MagicalDataImport.m"; sourceTree = "<group>"; };
		2F9AB87E171C763A0076F950 /* NSManagedObject+MagicalRecord.h */ = {isa = PBXFileReference; fileEncoding = 4; lastKnownFileType = sourcecode.c.h; path = "NSManagedObject+MagicalRecord.h"; sourceTree = "<group>"; };
		2F9AB87F171C763A0076F950 /* NSManagedObject+MagicalRecord.m */ = {isa = PBXFileReference; fileEncoding = 4; lastKnownFileType = sourcecode.c.objc; path = "NSManagedObject+MagicalRecord.m"; sourceTree = "<group>"; };
		2F9AB880171C763A0076F950 /* NSManagedObjectContext+MagicalRecord.h */ = {isa = PBXFileReference; fileEncoding = 4; lastKnownFileType = sourcecode.c.h; path = "NSManagedObjectContext+MagicalRecord.h"; sourceTree = "<group>"; };
		2F9AB881171C763A0076F950 /* NSManagedObjectContext+MagicalRecord.m */ = {isa = PBXFileReference; fileEncoding = 4; lastKnownFileType = sourcecode.c.objc; path = "NSManagedObjectContext+MagicalRecord.m"; sourceTree = "<group>"; };
		2F9AB882171C763A0076F950 /* NSManagedObjectModel+MagicalRecord.h */ = {isa = PBXFileReference; fileEncoding = 4; lastKnownFileType = sourcecode.c.h; path = "NSManagedObjectModel+MagicalRecord.h"; sourceTree = "<group>"; };
		2F9AB883171C763A0076F950 /* NSManagedObjectModel+MagicalRecord.m */ = {isa = PBXFileReference; fileEncoding = 4; lastKnownFileType = sourcecode.c.objc; path = "NSManagedObjectModel+MagicalRecord.m"; sourceTree = "<group>"; };
		2F9AB884171C763A0076F950 /* NSPersistentStore+MagicalRecord.h */ = {isa = PBXFileReference; fileEncoding = 4; lastKnownFileType = sourcecode.c.h; path = "NSPersistentStore+MagicalRecord.h"; sourceTree = "<group>"; };
		2F9AB885171C763A0076F950 /* NSPersistentStore+MagicalRecord.m */ = {isa = PBXFileReference; fileEncoding = 4; lastKnownFileType = sourcecode.c.objc; path = "NSPersistentStore+MagicalRecord.m"; sourceTree = "<group>"; };
		2F9AB886171C763A0076F950 /* NSPersistentStoreCoordinator+MagicalRecord.h */ = {isa = PBXFileReference; fileEncoding = 4; lastKnownFileType = sourcecode.c.h; path = "NSPersistentStoreCoordinator+MagicalRecord.h"; sourceTree = "<group>"; };
		2F9AB887171C763A0076F950 /* NSPersistentStoreCoordinator+MagicalRecord.m */ = {isa = PBXFileReference; fileEncoding = 4; lastKnownFileType = sourcecode.c.objc; path = "NSPersistentStoreCoordinator+MagicalRecord.m"; sourceTree = "<group>"; };
		2F9AB888171C763A0076F950 /* CoreData+MagicalRecord.h */ = {isa = PBXFileReference; fileEncoding = 4; lastKnownFileType = sourcecode.c.h; path = "CoreData+MagicalRecord.h"; sourceTree = "<group>"; };
		2F9AB889171C763A0076F950 /* MagicalRecordHelpers.h */ = {isa = PBXFileReference; fileEncoding = 4; lastKnownFileType = sourcecode.c.h; path = MagicalRecordHelpers.h; sourceTree = "<group>"; };
		2F9AB88A171C763A0076F950 /* MagicalRecordHelpers.m */ = {isa = PBXFileReference; fileEncoding = 4; lastKnownFileType = sourcecode.c.objc; path = MagicalRecordHelpers.m; sourceTree = "<group>"; };
		2F9AB88B171C763A0076F950 /* MagicalRecordShorthand.h */ = {isa = PBXFileReference; fileEncoding = 4; lastKnownFileType = sourcecode.c.h; path = MagicalRecordShorthand.h; sourceTree = "<group>"; };
		2F9AB88C171C763A0076F950 /* MRCoreDataAction.h */ = {isa = PBXFileReference; fileEncoding = 4; lastKnownFileType = sourcecode.c.h; path = MRCoreDataAction.h; sourceTree = "<group>"; };
		2F9AB88D171C763A0076F950 /* MRCoreDataAction.m */ = {isa = PBXFileReference; fileEncoding = 4; lastKnownFileType = sourcecode.c.objc; path = MRCoreDataAction.m; sourceTree = "<group>"; };
		83F1A4B91717EE520012BEB8 /* womensdays.app */ = {isa = PBXFileReference; explicitFileType = wrapper.application; includeInIndex = 0; path = womensdays.app; sourceTree = BUILT_PRODUCTS_DIR; };
		83F1A4BC1717EE520012BEB8 /* UIKit.framework */ = {isa = PBXFileReference; lastKnownFileType = wrapper.framework; name = UIKit.framework; path = System/Library/Frameworks/UIKit.framework; sourceTree = SDKROOT; };
		83F1A4BE1717EE520012BEB8 /* Foundation.framework */ = {isa = PBXFileReference; lastKnownFileType = wrapper.framework; name = Foundation.framework; path = System/Library/Frameworks/Foundation.framework; sourceTree = SDKROOT; };
		83F1A4C01717EE520012BEB8 /* CoreGraphics.framework */ = {isa = PBXFileReference; lastKnownFileType = wrapper.framework; name = CoreGraphics.framework; path = System/Library/Frameworks/CoreGraphics.framework; sourceTree = SDKROOT; };
		83F1A4C21717EE520012BEB8 /* CoreData.framework */ = {isa = PBXFileReference; lastKnownFileType = wrapper.framework; name = CoreData.framework; path = System/Library/Frameworks/CoreData.framework; sourceTree = SDKROOT; };
		83F1A4C61717EE520012BEB8 /* womensdays-Info.plist */ = {isa = PBXFileReference; lastKnownFileType = text.plist.xml; path = "womensdays-Info.plist"; sourceTree = "<group>"; };
		83F1A4C81717EE520012BEB8 /* en */ = {isa = PBXFileReference; lastKnownFileType = text.plist.strings; name = en; path = en.lproj/InfoPlist.strings; sourceTree = "<group>"; };
		83F1A4CA1717EE520012BEB8 /* main.m */ = {isa = PBXFileReference; lastKnownFileType = sourcecode.c.objc; path = main.m; sourceTree = "<group>"; };
		83F1A4CC1717EE520012BEB8 /* womensdays-Prefix.pch */ = {isa = PBXFileReference; lastKnownFileType = sourcecode.c.h; path = "womensdays-Prefix.pch"; sourceTree = "<group>"; };
		83F1A4CD1717EE520012BEB8 /* WDAppDelegate.h */ = {isa = PBXFileReference; lastKnownFileType = sourcecode.c.h; path = WDAppDelegate.h; sourceTree = "<group>"; };
		83F1A4CE1717EE520012BEB8 /* WDAppDelegate.m */ = {isa = PBXFileReference; lastKnownFileType = sourcecode.c.objc; path = WDAppDelegate.m; sourceTree = "<group>"; };
		83F1A4D01717EE520012BEB8 /* Default.png */ = {isa = PBXFileReference; lastKnownFileType = image.png; path = Default.png; sourceTree = "<group>"; };
		83F1A4D21717EE520012BEB8 /* Default@2x.png */ = {isa = PBXFileReference; lastKnownFileType = image.png; path = "Default@2x.png"; sourceTree = "<group>"; };
		83F1A4D41717EE520012BEB8 /* Default-568h@2x.png */ = {isa = PBXFileReference; lastKnownFileType = image.png; path = "Default-568h@2x.png"; sourceTree = "<group>"; };
		83F1A5041717F0360012BEB8 /* womensdays.xcdatamodel */ = {isa = PBXFileReference; lastKnownFileType = wrapper.xcdatamodel; path = womensdays.xcdatamodel; sourceTree = "<group>"; };
		83F1A50A1717F0360012BEB8 /* NSNumber+Localizable.h */ = {isa = PBXFileReference; fileEncoding = 4; lastKnownFileType = sourcecode.c.h; path = "NSNumber+Localizable.h"; sourceTree = "<group>"; };
		83F1A50B1717F0360012BEB8 /* NSNumber+Localizable.m */ = {isa = PBXFileReference; fileEncoding = 4; lastKnownFileType = sourcecode.c.objc; path = "NSNumber+Localizable.m"; sourceTree = "<group>"; };
		83F1A50C1717F0360012BEB8 /* NSTimer+Blocks.h */ = {isa = PBXFileReference; fileEncoding = 4; lastKnownFileType = sourcecode.c.h; path = "NSTimer+Blocks.h"; sourceTree = "<group>"; };
		83F1A50D1717F0360012BEB8 /* NSTimer+Blocks.m */ = {isa = PBXFileReference; fileEncoding = 4; lastKnownFileType = sourcecode.c.objc; path = "NSTimer+Blocks.m"; sourceTree = "<group>"; };
		83F1A50E1717F0360012BEB8 /* UIButton+Stretchable.h */ = {isa = PBXFileReference; fileEncoding = 4; lastKnownFileType = sourcecode.c.h; path = "UIButton+Stretchable.h"; sourceTree = "<group>"; };
		83F1A50F1717F0360012BEB8 /* UIButton+Stretchable.m */ = {isa = PBXFileReference; fileEncoding = 4; lastKnownFileType = sourcecode.c.objc; path = "UIButton+Stretchable.m"; sourceTree = "<group>"; };
		83F1A5101717F0360012BEB8 /* UIImageView+Stretchable.h */ = {isa = PBXFileReference; fileEncoding = 4; lastKnownFileType = sourcecode.c.h; path = "UIImageView+Stretchable.h"; sourceTree = "<group>"; };
		83F1A5111717F0360012BEB8 /* UIImageView+Stretchable.m */ = {isa = PBXFileReference; fileEncoding = 4; lastKnownFileType = sourcecode.c.objc; path = "UIImageView+Stretchable.m"; sourceTree = "<group>"; };
		83F1A5121717F0360012BEB8 /* IZLib.h */ = {isa = PBXFileReference; fileEncoding = 4; lastKnownFileType = sourcecode.c.h; path = IZLib.h; sourceTree = "<group>"; };
		83F1A5131717F0360012BEB8 /* IZLib.m */ = {isa = PBXFileReference; fileEncoding = 4; lastKnownFileType = sourcecode.c.objc; path = IZLib.m; sourceTree = "<group>"; };
		83F1A5151717F0360012BEB8 /* IZAlertView.h */ = {isa = PBXFileReference; fileEncoding = 4; lastKnownFileType = sourcecode.c.h; path = IZAlertView.h; sourceTree = "<group>"; };
		83F1A5161717F0360012BEB8 /* IZAlertView.m */ = {isa = PBXFileReference; fileEncoding = 4; lastKnownFileType = sourcecode.c.objc; path = IZAlertView.m; sourceTree = "<group>"; };
		83F1A5211717F0AE0012BEB8 /* WDConstants.h */ = {isa = PBXFileReference; lastKnownFileType = sourcecode.c.h; path = WDConstants.h; sourceTree = "<group>"; };
		83F1A5291717F3950012BEB8 /* WDMainViewController.h */ = {isa = PBXFileReference; fileEncoding = 4; lastKnownFileType = sourcecode.c.h; name = WDMainViewController.h; path = "Main View Controller/WDMainViewController.h"; sourceTree = "<group>"; };
		83F1A52A1717F3950012BEB8 /* WDMainViewController.m */ = {isa = PBXFileReference; fileEncoding = 4; lastKnownFileType = sourcecode.c.objc; name = WDMainViewController.m; path = "Main View Controller/WDMainViewController.m"; sourceTree = "<group>"; };
		83F1A52B1717F3950012BEB8 /* WDMainViewController.xib */ = {isa = PBXFileReference; fileEncoding = 4; lastKnownFileType = file.xib; name = WDMainViewController.xib; path = "Main View Controller/WDMainViewController.xib"; sourceTree = "<group>"; };
		83F1A52F1717F48E0012BEB8 /* WDСhartViewController.h */ = {isa = PBXFileReference; fileEncoding = 4; lastKnownFileType = sourcecode.c.h; name = "WDСhartViewController.h"; path = "Graphs/WDСhartViewController.h"; sourceTree = "<group>"; };
		83F1A5301717F48E0012BEB8 /* WDСhartViewController.m */ = {isa = PBXFileReference; fileEncoding = 4; lastKnownFileType = sourcecode.c.objc; name = "WDСhartViewController.m"; path = "Graphs/WDСhartViewController.m"; sourceTree = "<group>"; };
		83F1A5311717F48E0012BEB8 /* WDChartViewController.xib */ = {isa = PBXFileReference; fileEncoding = 4; lastKnownFileType = file.xib; name = WDChartViewController.xib; path = Graphs/WDChartViewController.xib; sourceTree = "<group>"; };
		83F1A5341717F4AC0012BEB8 /* WDViewController.h */ = {isa = PBXFileReference; fileEncoding = 4; lastKnownFileType = sourcecode.c.h; path = WDViewController.h; sourceTree = "<group>"; };
		83F1A5351717F4AC0012BEB8 /* WDViewController.m */ = {isa = PBXFileReference; fileEncoding = 4; lastKnownFileType = sourcecode.c.objc; path = WDViewController.m; sourceTree = "<group>"; };
		83F1A53E1717F7C40012BEB8 /* tabicon_calendar.png */ = {isa = PBXFileReference; lastKnownFileType = image.png; path = tabicon_calendar.png; sourceTree = "<group>"; };
		83F1A53F1717F7C40012BEB8 /* tabicon_graph.png */ = {isa = PBXFileReference; lastKnownFileType = image.png; path = tabicon_graph.png; sourceTree = "<group>"; };
		83F1A5401717F7C40012BEB8 /* tabicon_list.png */ = {isa = PBXFileReference; lastKnownFileType = image.png; path = tabicon_list.png; sourceTree = "<group>"; };
		83F1A5461717F9CC0012BEB8 /* Localizable.strings */ = {isa = PBXFileReference; fileEncoding = 4; lastKnownFileType = text.plist.strings; path = Localizable.strings; sourceTree = "<group>"; };
		83F1A5481717FEDB0012BEB8 /* WDTableView.h */ = {isa = PBXFileReference; fileEncoding = 4; lastKnownFileType = sourcecode.c.h; path = WDTableView.h; sourceTree = "<group>"; };
		83F1A5491717FEDB0012BEB8 /* WDTableView.m */ = {isa = PBXFileReference; fileEncoding = 4; lastKnownFileType = sourcecode.c.objc; path = WDTableView.m; sourceTree = "<group>"; };
		83F1A553171801FB0012BEB8 /* WDDayCell.h */ = {isa = PBXFileReference; fileEncoding = 4; lastKnownFileType = sourcecode.c.h; path = WDDayCell.h; sourceTree = "<group>"; };
		83F1A554171801FB0012BEB8 /* WDDayCell.m */ = {isa = PBXFileReference; fileEncoding = 4; lastKnownFileType = sourcecode.c.objc; path = WDDayCell.m; sourceTree = "<group>"; };
		83F1A556171802090012BEB8 /* WDDayCell.xib */ = {isa = PBXFileReference; fileEncoding = 4; lastKnownFileType = file.xib; path = WDDayCell.xib; sourceTree = "<group>"; };
		83F1A558171802540012BEB8 /* WDLabel.h */ = {isa = PBXFileReference; fileEncoding = 4; lastKnownFileType = sourcecode.c.h; path = WDLabel.h; sourceTree = "<group>"; };
		83F1A559171802550012BEB8 /* WDLabel.m */ = {isa = PBXFileReference; fileEncoding = 4; lastKnownFileType = sourcecode.c.objc; path = WDLabel.m; sourceTree = "<group>"; };
		83F1A55F171814A40012BEB8 /* Icon.png */ = {isa = PBXFileReference; lastKnownFileType = image.png; name = Icon.png; path = ../../../Icon.png; sourceTree = "<group>"; };
		83F1A561171814A80012BEB8 /* Icon@2x.png */ = {isa = PBXFileReference; lastKnownFileType = image.png; name = "Icon@2x.png"; path = "../../../Icon@2x.png"; sourceTree = "<group>"; };
/* End PBXFileReference section */

/* Begin PBXFrameworksBuildPhase section */
		83F1A4B61717EE520012BEB8 /* Frameworks */ = {
			isa = PBXFrameworksBuildPhase;
			buildActionMask = 2147483647;
			files = (
				83F1A4BD1717EE520012BEB8 /* UIKit.framework in Frameworks */,
				83F1A4BF1717EE520012BEB8 /* Foundation.framework in Frameworks */,
				83F1A4C11717EE520012BEB8 /* CoreGraphics.framework in Frameworks */,
				83F1A4C31717EE520012BEB8 /* CoreData.framework in Frameworks */,
			);
			runOnlyForDeploymentPostprocessing = 0;
		};
/* End PBXFrameworksBuildPhase section */

/* Begin PBXGroup section */
		2F9AB845171AB63D0076F950 /* Days */ = {
			isa = PBXGroup;
			children = (
				2F9AB846171AB63D0076F950 /* WDDaysViewController.h */,
				2F9AB847171AB63D0076F950 /* WDDaysViewController.m */,
				2F9AB848171AB63D0076F950 /* WDDaysViewController.xib */,
				2F9AB84B171AB65B0076F950 /* WDEditDayViewController.h */,
				2F9AB84C171AB65B0076F950 /* WDEditDayViewController.m */,
				2F9AB84D171AB65B0076F950 /* WDEditDayViewController.xib */,
			);
			path = Days;
			sourceTree = "<group>";
		};
		2F9AB851171C62630076F950 /* Sex */ = {
			isa = PBXGroup;
			children = (
				2F9AB852171C62870076F950 /* WDSexViewController.h */,
				2F9AB853171C62870076F950 /* WDSexViewController.m */,
				2F9AB854171C62870076F950 /* WDSexViewController.xib */,
			);
			name = Sex;
			sourceTree = "<group>";
		};
		2F9AB86D171C763A0076F950 /* MagicalRecord */ = {
			isa = PBXGroup;
			children = (
				2F9AB86E171C763A0076F950 /* Categories */,
				2F9AB888171C763A0076F950 /* CoreData+MagicalRecord.h */,
				2F9AB889171C763A0076F950 /* MagicalRecordHelpers.h */,
				2F9AB88A171C763A0076F950 /* MagicalRecordHelpers.m */,
				2F9AB88B171C763A0076F950 /* MagicalRecordShorthand.h */,
				2F9AB88C171C763A0076F950 /* MRCoreDataAction.h */,
				2F9AB88D171C763A0076F950 /* MRCoreDataAction.m */,
			);
			path = MagicalRecord;
			sourceTree = "<group>";
		};
		2F9AB86E171C763A0076F950 /* Categories */ = {
			isa = PBXGroup;
			children = (
				2F9AB86F171C763A0076F950 /* DataImport */,
				2F9AB87C171C763A0076F950 /* NSManagedObject+MagicalDataImport.h */,
				2F9AB87D171C763A0076F950 /* NSManagedObject+MagicalDataImport.m */,
				2F9AB87E171C763A0076F950 /* NSManagedObject+MagicalRecord.h */,
				2F9AB87F171C763A0076F950 /* NSManagedObject+MagicalRecord.m */,
				2F9AB880171C763A0076F950 /* NSManagedObjectContext+MagicalRecord.h */,
				2F9AB881171C763A0076F950 /* NSManagedObjectContext+MagicalRecord.m */,
				2F9AB882171C763A0076F950 /* NSManagedObjectModel+MagicalRecord.h */,
				2F9AB883171C763A0076F950 /* NSManagedObjectModel+MagicalRecord.m */,
				2F9AB884171C763A0076F950 /* NSPersistentStore+MagicalRecord.h */,
				2F9AB885171C763A0076F950 /* NSPersistentStore+MagicalRecord.m */,
				2F9AB886171C763A0076F950 /* NSPersistentStoreCoordinator+MagicalRecord.h */,
				2F9AB887171C763A0076F950 /* NSPersistentStoreCoordinator+MagicalRecord.m */,
			);
			path = Categories;
			sourceTree = "<group>";
		};
		2F9AB86F171C763A0076F950 /* DataImport */ = {
			isa = PBXGroup;
			children = (
				2F9AB870171C763A0076F950 /* NSAttributeDescription+MagicalDataImport.h */,
				2F9AB871171C763A0076F950 /* NSAttributeDescription+MagicalDataImport.m */,
				2F9AB872171C763A0076F950 /* NSEntityDescription+MagicalDataImport.h */,
				2F9AB873171C763A0076F950 /* NSEntityDescription+MagicalDataImport.m */,
				2F9AB874171C763A0076F950 /* NSNumber+MagicalDataImport.h */,
				2F9AB875171C763A0076F950 /* NSNumber+MagicalDataImport.m */,
				2F9AB876171C763A0076F950 /* NSObject+MagicalDataImport.h */,
				2F9AB877171C763A0076F950 /* NSObject+MagicalDataImport.m */,
				2F9AB878171C763A0076F950 /* NSRelationshipDescription+MagicalDataImport.h */,
				2F9AB879171C763A0076F950 /* NSRelationshipDescription+MagicalDataImport.m */,
				2F9AB87A171C763A0076F950 /* NSString+MagicalDataImport.h */,
				2F9AB87B171C763A0076F950 /* NSString+MagicalDataImport.m */,
			);
			path = DataImport;
			sourceTree = "<group>";
		};
		83F1A4B01717EE520012BEB8 = {
			isa = PBXGroup;
			children = (
				83F1A4C41717EE520012BEB8 /* womensdays */,
				83F1A5071717F0360012BEB8 /* Libraries */,
				83F1A4BB1717EE520012BEB8 /* Frameworks */,
				83F1A4BA1717EE520012BEB8 /* Products */,
			);
			sourceTree = "<group>";
		};
		83F1A4BA1717EE520012BEB8 /* Products */ = {
			isa = PBXGroup;
			children = (
				83F1A4B91717EE520012BEB8 /* womensdays.app */,
			);
			name = Products;
			sourceTree = "<group>";
		};
		83F1A4BB1717EE520012BEB8 /* Frameworks */ = {
			isa = PBXGroup;
			children = (
				83F1A4BC1717EE520012BEB8 /* UIKit.framework */,
				83F1A4BE1717EE520012BEB8 /* Foundation.framework */,
				83F1A4C01717EE520012BEB8 /* CoreGraphics.framework */,
				83F1A4C21717EE520012BEB8 /* CoreData.framework */,
			);
			name = Frameworks;
			sourceTree = "<group>";
		};
		83F1A4C41717EE520012BEB8 /* womensdays */ = {
			isa = PBXGroup;
			children = (
				83F1A4FE1717F0360012BEB8 /* MVC */,
				83F1A4CD1717EE520012BEB8 /* WDAppDelegate.h */,
				83F1A4CE1717EE520012BEB8 /* WDAppDelegate.m */,
				83F1A5211717F0AE0012BEB8 /* WDConstants.h */,
				83F1A4C51717EE520012BEB8 /* Supporting Files */,
				83F1A5171717F0360012BEB8 /* Resources */,
			);
			path = womensdays;
			sourceTree = "<group>";
		};
		83F1A4C51717EE520012BEB8 /* Supporting Files */ = {
			isa = PBXGroup;
			children = (
				83F1A5461717F9CC0012BEB8 /* Localizable.strings */,
				83F1A4C61717EE520012BEB8 /* womensdays-Info.plist */,
				83F1A4C71717EE520012BEB8 /* InfoPlist.strings */,
				83F1A4CA1717EE520012BEB8 /* main.m */,
				83F1A4CC1717EE520012BEB8 /* womensdays-Prefix.pch */,
				83F1A4D01717EE520012BEB8 /* Default.png */,
				83F1A4D21717EE520012BEB8 /* Default@2x.png */,
				83F1A4D41717EE520012BEB8 /* Default-568h@2x.png */,
			);
			name = "Supporting Files";
			sourceTree = "<group>";
		};
		83F1A4FE1717F0360012BEB8 /* MVC */ = {
			isa = PBXGroup;
			children = (
				83F1A4FF1717F0360012BEB8 /* Controller */,
				83F1A5011717F0360012BEB8 /* Model */,
				83F1A5051717F0360012BEB8 /* View */,
			);
			path = MVC;
			sourceTree = "<group>";
		};
		83F1A4FF1717F0360012BEB8 /* Controller */ = {
			isa = PBXGroup;
			children = (
				2F9AB851171C62630076F950 /* Sex */,
				2F9AB845171AB63D0076F950 /* Days */,
				83F1A52E1717F41D0012BEB8 /* Graphs */,
				83F1A5281717F32C0012BEB8 /* Main View Controller */,
				83F1A5001717F0360012BEB8 /* Base */,
			);
			path = Controller;
			sourceTree = "<group>";
		};
		83F1A5001717F0360012BEB8 /* Base */ = {
			isa = PBXGroup;
			children = (
				83F1A5341717F4AC0012BEB8 /* WDViewController.h */,
				83F1A5351717F4AC0012BEB8 /* WDViewController.m */,
			);
			path = Base;
			sourceTree = "<group>";
		};
		83F1A5011717F0360012BEB8 /* Model */ = {
			isa = PBXGroup;
			children = (
				2F9AB85F171C75D10076F950 /* WDDay.h */,
				2F9AB860171C75D10076F950 /* WDDay.m */,
				2F9AB85C171C75D10076F950 /* WDSex.h */,
				2F9AB85D171C75D10076F950 /* WDSex.m */,
				83F1A5021717F0360012BEB8 /* Data model */,
			);
			path = Model;
			sourceTree = "<group>";
		};
		83F1A5021717F0360012BEB8 /* Data model */ = {
			isa = PBXGroup;
			children = (
				83F1A5031717F0360012BEB8 /* womensdays.xcdatamodeld */,
			);
			path = "Data model";
			sourceTree = "<group>";
		};
		83F1A5051717F0360012BEB8 /* View */ = {
			isa = PBXGroup;
			children = (
				83F1A552171801FB0012BEB8 /* Days */,
				83F1A5061717F0360012BEB8 /* Base */,
			);
			path = View;
			sourceTree = "<group>";
		};
		83F1A5061717F0360012BEB8 /* Base */ = {
			isa = PBXGroup;
			children = (
				83F1A5481717FEDB0012BEB8 /* WDTableView.h */,
				83F1A5491717FEDB0012BEB8 /* WDTableView.m */,
				83F1A558171802540012BEB8 /* WDLabel.h */,
				83F1A559171802550012BEB8 /* WDLabel.m */,
			);
			path = Base;
			sourceTree = "<group>";
		};
		83F1A5071717F0360012BEB8 /* Libraries */ = {
			isa = PBXGroup;
			children = (
				2F9AB86D171C763A0076F950 /* MagicalRecord */,
				83F1A5081717F0360012BEB8 /* irinaz_lib */,
			);
			name = Libraries;
			path = womensdays/Libraries;
			sourceTree = "<group>";
		};
		83F1A5081717F0360012BEB8 /* irinaz_lib */ = {
			isa = PBXGroup;
			children = (
				83F1A5091717F0360012BEB8 /* Categories */,
				83F1A5121717F0360012BEB8 /* IZLib.h */,
				83F1A5131717F0360012BEB8 /* IZLib.m */,
				83F1A5141717F0360012BEB8 /* View */,
			);
			path = irinaz_lib;
			sourceTree = "<group>";
		};
		83F1A5091717F0360012BEB8 /* Categories */ = {
			isa = PBXGroup;
			children = (
				83F1A50A1717F0360012BEB8 /* NSNumber+Localizable.h */,
				83F1A50B1717F0360012BEB8 /* NSNumber+Localizable.m */,
				83F1A50C1717F0360012BEB8 /* NSTimer+Blocks.h */,
				83F1A50D1717F0360012BEB8 /* NSTimer+Blocks.m */,
				83F1A50E1717F0360012BEB8 /* UIButton+Stretchable.h */,
				83F1A50F1717F0360012BEB8 /* UIButton+Stretchable.m */,
				83F1A5101717F0360012BEB8 /* UIImageView+Stretchable.h */,
				83F1A5111717F0360012BEB8 /* UIImageView+Stretchable.m */,
			);
			path = Categories;
			sourceTree = "<group>";
		};
		83F1A5141717F0360012BEB8 /* View */ = {
			isa = PBXGroup;
			children = (
				83F1A5151717F0360012BEB8 /* IZAlertView.h */,
				83F1A5161717F0360012BEB8 /* IZAlertView.m */,
			);
			path = View;
			sourceTree = "<group>";
		};
		83F1A5171717F0360012BEB8 /* Resources */ = {
			isa = PBXGroup;
			children = (
				83F1A5181717F0360012BEB8 /* Fonts */,
				83F1A5191717F0360012BEB8 /* Images */,
			);
			path = Resources;
			sourceTree = "<group>";
		};
		83F1A5181717F0360012BEB8 /* Fonts */ = {
			isa = PBXGroup;
			children = (
			);
			path = Fonts;
			sourceTree = "<group>";
		};
		83F1A5191717F0360012BEB8 /* Images */ = {
			isa = PBXGroup;
			children = (
				83F1A561171814A80012BEB8 /* Icon@2x.png */,
				83F1A55F171814A40012BEB8 /* Icon.png */,
				83F1A5371717F7400012BEB8 /* Base */,
			);
			path = Images;
			sourceTree = "<group>";
		};
		83F1A5281717F32C0012BEB8 /* Main View Controller */ = {
			isa = PBXGroup;
			children = (
				83F1A5291717F3950012BEB8 /* WDMainViewController.h */,
				83F1A52A1717F3950012BEB8 /* WDMainViewController.m */,
				83F1A52B1717F3950012BEB8 /* WDMainViewController.xib */,
			);
			name = "Main View Controller";
			sourceTree = "<group>";
		};
		83F1A52E1717F41D0012BEB8 /* Graphs */ = {
			isa = PBXGroup;
			children = (
				83F1A52F1717F48E0012BEB8 /* WDСhartViewController.h */,
				83F1A5301717F48E0012BEB8 /* WDСhartViewController.m */,
				83F1A5311717F48E0012BEB8 /* WDChartViewController.xib */,
			);
			name = Graphs;
			sourceTree = "<group>";
		};
		83F1A5371717F7400012BEB8 /* Base */ = {
			isa = PBXGroup;
			children = (
				2F9AB857171C653B0076F950 /* tabicon_heart.png */,
				83F1A53E1717F7C40012BEB8 /* tabicon_calendar.png */,
				83F1A53F1717F7C40012BEB8 /* tabicon_graph.png */,
				83F1A5401717F7C40012BEB8 /* tabicon_list.png */,
			);
			path = Base;
			sourceTree = "<group>";
		};
		83F1A552171801FB0012BEB8 /* Days */ = {
			isa = PBXGroup;
			children = (
				83F1A553171801FB0012BEB8 /* WDDayCell.h */,
				83F1A554171801FB0012BEB8 /* WDDayCell.m */,
				83F1A556171802090012BEB8 /* WDDayCell.xib */,
			);
			path = Days;
			sourceTree = "<group>";
		};
/* End PBXGroup section */

/* Begin PBXNativeTarget section */
		83F1A4B81717EE520012BEB8 /* womensdays */ = {
			isa = PBXNativeTarget;
			buildConfigurationList = 83F1A4DB1717EE520012BEB8 /* Build configuration list for PBXNativeTarget "womensdays" */;
			buildPhases = (
				83F1A4B51717EE520012BEB8 /* Sources */,
				83F1A4B61717EE520012BEB8 /* Frameworks */,
				83F1A4B71717EE520012BEB8 /* Resources */,
			);
			buildRules = (
			);
			dependencies = (
			);
			name = womensdays;
			productName = womensdays;
			productReference = 83F1A4B91717EE520012BEB8 /* womensdays.app */;
			productType = "com.apple.product-type.application";
		};
/* End PBXNativeTarget section */

/* Begin PBXProject section */
		83F1A4B11717EE520012BEB8 /* Project object */ = {
			isa = PBXProject;
			attributes = {
				CLASSPREFIX = WD;
				LastUpgradeCheck = 0460;
				ORGANIZATIONNAME = zavilkina;
			};
			buildConfigurationList = 83F1A4B41717EE520012BEB8 /* Build configuration list for PBXProject "womensdays" */;
			compatibilityVersion = "Xcode 3.2";
			developmentRegion = English;
			hasScannedForEncodings = 0;
			knownRegions = (
				en,
				ru,
			);
			mainGroup = 83F1A4B01717EE520012BEB8;
			productRefGroup = 83F1A4BA1717EE520012BEB8 /* Products */;
			projectDirPath = "";
			projectRoot = "";
			targets = (
				83F1A4B81717EE520012BEB8 /* womensdays */,
			);
		};
/* End PBXProject section */

/* Begin PBXResourcesBuildPhase section */
		83F1A4B71717EE520012BEB8 /* Resources */ = {
			isa = PBXResourcesBuildPhase;
			buildActionMask = 2147483647;
			files = (
				83F1A4C91717EE520012BEB8 /* InfoPlist.strings in Resources */,
				83F1A4D11717EE520012BEB8 /* Default.png in Resources */,
				83F1A4D31717EE520012BEB8 /* Default@2x.png in Resources */,
				83F1A4D51717EE520012BEB8 /* Default-568h@2x.png in Resources */,
				83F1A52D1717F3950012BEB8 /* WDMainViewController.xib in Resources */,
				83F1A5331717F48E0012BEB8 /* WDChartViewController.xib in Resources */,
				83F1A5411717F7C40012BEB8 /* tabicon_calendar.png in Resources */,
				83F1A5421717F7C40012BEB8 /* tabicon_graph.png in Resources */,
				83F1A5431717F7C40012BEB8 /* tabicon_list.png in Resources */,
				83F1A5471717F9CC0012BEB8 /* Localizable.strings in Resources */,
				83F1A557171802090012BEB8 /* WDDayCell.xib in Resources */,
				83F1A560171814A40012BEB8 /* Icon.png in Resources */,
				83F1A562171814A80012BEB8 /* Icon@2x.png in Resources */,
				2F9AB84A171AB63D0076F950 /* WDDaysViewController.xib in Resources */,
				2F9AB84F171AB65B0076F950 /* WDEditDayViewController.xib in Resources */,
				2F9AB856171C62870076F950 /* WDSexViewController.xib in Resources */,
				2F9AB858171C653B0076F950 /* tabicon_heart.png in Resources */,
			);
			runOnlyForDeploymentPostprocessing = 0;
		};
/* End PBXResourcesBuildPhase section */

/* Begin PBXSourcesBuildPhase section */
		83F1A4B51717EE520012BEB8 /* Sources */ = {
			isa = PBXSourcesBuildPhase;
			buildActionMask = 2147483647;
			files = (
				83F1A4CB1717EE520012BEB8 /* main.m in Sources */,
				83F1A4CF1717EE520012BEB8 /* WDAppDelegate.m in Sources */,
				83F1A51A1717F0360012BEB8 /* womensdays.xcdatamodeld in Sources */,
				83F1A51B1717F0360012BEB8 /* NSNumber+Localizable.m in Sources */,
				83F1A51C1717F0360012BEB8 /* NSTimer+Blocks.m in Sources */,
				83F1A51D1717F0360012BEB8 /* UIButton+Stretchable.m in Sources */,
				83F1A51E1717F0360012BEB8 /* UIImageView+Stretchable.m in Sources */,
				83F1A51F1717F0360012BEB8 /* IZLib.m in Sources */,
				83F1A5201717F0360012BEB8 /* IZAlertView.m in Sources */,
				83F1A52C1717F3950012BEB8 /* WDMainViewController.m in Sources */,
				83F1A5321717F48E0012BEB8 /* WDСhartViewController.m in Sources */,
				83F1A5361717F4AC0012BEB8 /* WDViewController.m in Sources */,
				83F1A54A1717FEDB0012BEB8 /* WDTableView.m in Sources */,
				83F1A555171801FB0012BEB8 /* WDDayCell.m in Sources */,
				83F1A55A171802550012BEB8 /* WDLabel.m in Sources */,
				2F9AB849171AB63D0076F950 /* WDDaysViewController.m in Sources */,
				2F9AB84E171AB65B0076F950 /* WDEditDayViewController.m in Sources */,
				2F9AB855171C62870076F950 /* WDSexViewController.m in Sources */,
				2F9AB85E171C75D10076F950 /* WDSex.m in Sources */,
				2F9AB861171C75D10076F950 /* WDDay.m in Sources */,
				2F9AB88E171C763A0076F950 /* NSAttributeDescription+MagicalDataImport.m in Sources */,
				2F9AB88F171C763A0076F950 /* NSEntityDescription+MagicalDataImport.m in Sources */,
				2F9AB890171C763A0076F950 /* NSNumber+MagicalDataImport.m in Sources */,
				2F9AB891171C763A0076F950 /* NSObject+MagicalDataImport.m in Sources */,
				2F9AB892171C763A0076F950 /* NSRelationshipDescription+MagicalDataImport.m in Sources */,
				2F9AB893171C763A0076F950 /* NSString+MagicalDataImport.m in Sources */,
				2F9AB894171C763A0076F950 /* NSManagedObject+MagicalDataImport.m in Sources */,
				2F9AB895171C763A0076F950 /* NSManagedObject+MagicalRecord.m in Sources */,
				2F9AB896171C763A0076F950 /* NSManagedObjectContext+MagicalRecord.m in Sources */,
				2F9AB897171C763A0076F950 /* NSManagedObjectModel+MagicalRecord.m in Sources */,
				2F9AB898171C763A0076F950 /* NSPersistentStore+MagicalRecord.m in Sources */,
				2F9AB899171C763A0076F950 /* NSPersistentStoreCoordinator+MagicalRecord.m in Sources */,
				2F9AB89A171C763A0076F950 /* MagicalRecordHelpers.m in Sources */,
				2F9AB89B171C763A0076F950 /* MRCoreDataAction.m in Sources */,
			);
			runOnlyForDeploymentPostprocessing = 0;
		};
/* End PBXSourcesBuildPhase section */

/* Begin PBXVariantGroup section */
		83F1A4C71717EE520012BEB8 /* InfoPlist.strings */ = {
			isa = PBXVariantGroup;
			children = (
				83F1A4C81717EE520012BEB8 /* en */,
				2F9AB850171ACA500076F950 /* ru */,
			);
			name = InfoPlist.strings;
			sourceTree = "<group>";
		};
/* End PBXVariantGroup section */

/* Begin XCBuildConfiguration section */
		83F1A4D91717EE520012BEB8 /* Debug */ = {
			isa = XCBuildConfiguration;
			buildSettings = {
				ALWAYS_SEARCH_USER_PATHS = NO;
				CLANG_CXX_LANGUAGE_STANDARD = "gnu++0x";
				CLANG_CXX_LIBRARY = "libc++";
				CLANG_ENABLE_OBJC_ARC = YES;
				CLANG_WARN_CONSTANT_CONVERSION = YES;
				CLANG_WARN_EMPTY_BODY = YES;
				CLANG_WARN_ENUM_CONVERSION = YES;
				CLANG_WARN_INT_CONVERSION = YES;
				CLANG_WARN__DUPLICATE_METHOD_MATCH = YES;
				"CODE_SIGN_IDENTITY[sdk=iphoneos*]" = "iPhone Developer";
				COPY_PHASE_STRIP = NO;
				GCC_C_LANGUAGE_STANDARD = gnu99;
				GCC_DYNAMIC_NO_PIC = NO;
				GCC_OPTIMIZATION_LEVEL = 0;
				GCC_PREPROCESSOR_DEFINITIONS = (
					"DEBUG=1",
					"$(inherited)",
				);
				GCC_SYMBOLS_PRIVATE_EXTERN = NO;
				GCC_WARN_ABOUT_RETURN_TYPE = YES;
				GCC_WARN_UNINITIALIZED_AUTOS = YES;
				GCC_WARN_UNUSED_VARIABLE = YES;
				IPHONEOS_DEPLOYMENT_TARGET = 6.1;
				ONLY_ACTIVE_ARCH = YES;
				SDKROOT = iphoneos;
			};
			name = Debug;
		};
		83F1A4DA1717EE520012BEB8 /* Release */ = {
			isa = XCBuildConfiguration;
			buildSettings = {
				ALWAYS_SEARCH_USER_PATHS = NO;
				CLANG_CXX_LANGUAGE_STANDARD = "gnu++0x";
				CLANG_CXX_LIBRARY = "libc++";
				CLANG_ENABLE_OBJC_ARC = YES;
				CLANG_WARN_CONSTANT_CONVERSION = YES;
				CLANG_WARN_EMPTY_BODY = YES;
				CLANG_WARN_ENUM_CONVERSION = YES;
				CLANG_WARN_INT_CONVERSION = YES;
				CLANG_WARN__DUPLICATE_METHOD_MATCH = YES;
				"CODE_SIGN_IDENTITY[sdk=iphoneos*]" = "iPhone Developer";
				COPY_PHASE_STRIP = YES;
				GCC_C_LANGUAGE_STANDARD = gnu99;
				GCC_WARN_ABOUT_RETURN_TYPE = YES;
				GCC_WARN_UNINITIALIZED_AUTOS = YES;
				GCC_WARN_UNUSED_VARIABLE = YES;
				IPHONEOS_DEPLOYMENT_TARGET = 6.1;
				OTHER_CFLAGS = "-DNS_BLOCK_ASSERTIONS=1";
				SDKROOT = iphoneos;
				VALIDATE_PRODUCT = YES;
			};
			name = Release;
		};
		83F1A4DC1717EE520012BEB8 /* Debug */ = {
			isa = XCBuildConfiguration;
			buildSettings = {
				GCC_PRECOMPILE_PREFIX_HEADER = YES;
				GCC_PREFIX_HEADER = "womensdays/womensdays-Prefix.pch";
				INFOPLIST_FILE = "womensdays/womensdays-Info.plist";
				IPHONEOS_DEPLOYMENT_TARGET = 5.0;
				PRODUCT_NAME = "$(TARGET_NAME)";
				WRAPPER_EXTENSION = app;
			};
			name = Debug;
		};
		83F1A4DD1717EE520012BEB8 /* Release */ = {
			isa = XCBuildConfiguration;
			buildSettings = {
				GCC_PRECOMPILE_PREFIX_HEADER = YES;
				GCC_PREFIX_HEADER = "womensdays/womensdays-Prefix.pch";
				INFOPLIST_FILE = "womensdays/womensdays-Info.plist";
				IPHONEOS_DEPLOYMENT_TARGET = 5.0;
				PRODUCT_NAME = "$(TARGET_NAME)";
				WRAPPER_EXTENSION = app;
			};
			name = Release;
		};
/* End XCBuildConfiguration section */

/* Begin XCConfigurationList section */
		83F1A4B41717EE520012BEB8 /* Build configuration list for PBXProject "womensdays" */ = {
			isa = XCConfigurationList;
			buildConfigurations = (
				83F1A4D91717EE520012BEB8 /* Debug */,
				83F1A4DA1717EE520012BEB8 /* Release */,
			);
			defaultConfigurationIsVisible = 0;
			defaultConfigurationName = Release;
		};
		83F1A4DB1717EE520012BEB8 /* Build configuration list for PBXNativeTarget "womensdays" */ = {
			isa = XCConfigurationList;
			buildConfigurations = (
				83F1A4DC1717EE520012BEB8 /* Debug */,
				83F1A4DD1717EE520012BEB8 /* Release */,
			);
			defaultConfigurationIsVisible = 0;
			defaultConfigurationName = Release;
		};
/* End XCConfigurationList section */

/* Begin XCVersionGroup section */
		83F1A5031717F0360012BEB8 /* womensdays.xcdatamodeld */ = {
			isa = XCVersionGroup;
			children = (
				83F1A5041717F0360012BEB8 /* womensdays.xcdatamodel */,
			);
			currentVersion = 83F1A5041717F0360012BEB8 /* womensdays.xcdatamodel */;
			path = womensdays.xcdatamodeld;
			sourceTree = "<group>";
			versionGroupType = wrapper.xcdatamodel;
		};
/* End XCVersionGroup section */
	};
	rootObject = 83F1A4B11717EE520012BEB8 /* Project object */;
}
